
Microsoft Visual Studio Solution File, Format Version 12.00
# Visual Studio Version 16
VisualStudioVersion = 16.0.30717.126
MinimumVisualStudioVersion = 10.0.40219.1
Project("{F184B08F-C81C-45F6-A57F-5ABD9991F28F}") = "ProjectUAS", "ProjectUAS\ProjectUAS.vbproj", "{D3BDF501-46F7-4941-BDE3-AA4BDCDA58B3}"
EndProject
Global
	GlobalSection(SolutionConfigurationPlatforms) = preSolution
		Debug|Any CPU = Debug|Any CPU
		Release|Any CPU = Release|Any CPU
	EndGlobalSection
	GlobalSection(ProjectConfigurationPlatforms) = postSolution
		{D3BDF501-46F7-4941-BDE3-AA4BDCDA58B3}.Debug|Any CPU.ActiveCfg = Debug|Any CPU
		{D3BDF501-46F7-4941-BDE3-AA4BDCDA58B3}.Debug|Any CPU.Build.0 = Debug|Any CPU
		{D3BDF501-46F7-4941-BDE3-AA4BDCDA58B3}.Release|Any CPU.ActiveCfg = Release|Any CPU
		{D3BDF501-46F7-4941-BDE3-AA4BDCDA58B3}.Release|Any CPU.Build.0 = Release|Any CPU
	EndGlobalSection
	GlobalSection(SolutionProperties) = preSolution
		HideSolutionNode = FALSE
	EndGlobalSection
	GlobalSection(ExtensibilityGlobals) = postSolution
		SolutionGuid = {B034BD46-B4A7-40FB-A7AA-2DA81A89050D}
	EndGlobalSection
EndGlobal
